
Microsoft Visual Studio Solution File, Format Version 12.00
# Visual Studio Version 16
VisualStudioVersion = 16.0.31624.102
MinimumVisualStudioVersion = 10.0.40219.1
Project("{FAE04EC0-301F-11D3-BF4B-00C04F79EFBC}") = "Algoritmos", "Algoritmos\Algoritmos.csproj", "{3F5232B3-7D99-49AB-A407-2845DA850E22}"
EndProject
Project("{FAE04EC0-301F-11D3-BF4B-00C04F79EFBC}") = "Algoritmos.Tests", "Algoritmos.Tests\Algoritmos.Tests.csproj", "{C1C4E2FB-67C0-4B39-AF71-1CA3E0512C95}"
EndProject
Global
	GlobalSection(SolutionConfigurationPlatforms) = preSolution
		Debug|Any CPU = Debug|Any CPU
		Release|Any CPU = Release|Any CPU
	EndGlobalSection
	GlobalSection(ProjectConfigurationPlatforms) = postSolution
		{3F5232B3-7D99-49AB-A407-2845DA850E22}.Debug|Any CPU.ActiveCfg = Debug|Any CPU
		{3F5232B3-7D99-49AB-A407-2845DA850E22}.Debug|Any CPU.Build.0 = Debug|Any CPU
		{3F5232B3-7D99-49AB-A407-2845DA850E22}.Release|Any CPU.ActiveCfg = Release|Any CPU
		{3F5232B3-7D99-49AB-A407-2845DA850E22}.Release|Any CPU.Build.0 = Release|Any CPU
		{C1C4E2FB-67C0-4B39-AF71-1CA3E0512C95}.Debug|Any CPU.ActiveCfg = Debug|Any CPU
		{C1C4E2FB-67C0-4B39-AF71-1CA3E0512C95}.Debug|Any CPU.Build.0 = Debug|Any CPU
		{C1C4E2FB-67C0-4B39-AF71-1CA3E0512C95}.Release|Any CPU.ActiveCfg = Release|Any CPU
		{C1C4E2FB-67C0-4B39-AF71-1CA3E0512C95}.Release|Any CPU.Build.0 = Release|Any CPU
	EndGlobalSection
	GlobalSection(SolutionProperties) = preSolution
		HideSolutionNode = FALSE
	EndGlobalSection
	GlobalSection(ExtensibilityGlobals) = postSolution
		SolutionGuid = {432D16C6-80B5-4684-B0E6-124F4C852C0C}
	EndGlobalSection
EndGlobal
